// !$*UTF8*$!
{
	archiveVersion = 1;
	classes = {
	};
	objectVersion = 46;
	objects = {

/* Begin PBXBuildFile section */
		6997F3B01D099DF70024BBF1 /* main.m in Sources */ = {isa = PBXBuildFile; fileRef = 6997F3AF1D099DF70024BBF1 /* main.m */; };
		6997F3B31D099DF70024BBF1 /* AppDelegate.m in Sources */ = {isa = PBXBuildFile; fileRef = 6997F3B21D099DF70024BBF1 /* AppDelegate.m */; };
		6997F3B61D099DF70024BBF1 /* ViewController.m in Sources */ = {isa = PBXBuildFile; fileRef = 6997F3B51D099DF70024BBF1 /* ViewController.m */; };
		6997F3B91D099DF70024BBF1 /* Main.storyboard in Resources */ = {isa = PBXBuildFile; fileRef = 6997F3B71D099DF70024BBF1 /* Main.storyboard */; };
		6997F3BB1D099DF70024BBF1 /* Assets.xcassets in Resources */ = {isa = PBXBuildFile; fileRef = 6997F3BA1D099DF70024BBF1 /* Assets.xcassets */; };
		6997F3BE1D099DF70024BBF1 /* LaunchScreen.storyboard in Resources */ = {isa = PBXBuildFile; fileRef = 6997F3BC1D099DF70024BBF1 /* LaunchScreen.storyboard */; };
		6997F3C91D099DF70024BBF1 /* VideoCaptureDemoTests.m in Sources */ = {isa = PBXBuildFile; fileRef = 6997F3C81D099DF70024BBF1 /* VideoCaptureDemoTests.m */; };
		6997F3D41D09ACDD0024BBF1 /* MobileCoreServices.framework in Frameworks */ = {isa = PBXBuildFile; fileRef = 6997F3D31D09ACDD0024BBF1 /* MobileCoreServices.framework */; };
/* End PBXBuildFile section */

/* Begin PBXContainerItemProxy section */
		6997F3C51D099DF70024BBF1 /* PBXContainerItemProxy */ = {
			isa = PBXContainerItemProxy;
			containerPortal = 6997F3A31D099DF70024BBF1 /* Project object */;
			proxyType = 1;
			remoteGlobalIDString = 6997F3AA1D099DF70024BBF1;
			remoteInfo = VideoCaptureDemo;
		};
/* End PBXContainerItemProxy section */

/* Begin PBXFileReference section */
		6997F3AB1D099DF70024BBF1 /* VideoCaptureDemo.app */ = {isa = PBXFileReference; explicitFileType = wrapper.application; includeInIndex = 0; path = VideoCaptureDemo.app; sourceTree = BUILT_PRODUCTS_DIR; };
		6997F3AF1D099DF70024BBF1 /* main.m */ = {isa = PBXFileReference; lastKnownFileType = sourcecode.c.objc; path = main.m; sourceTree = "<group>"; };
		6997F3B11D099DF70024BBF1 /* AppDelegate.h */ = {isa = PBXFileReference; lastKnownFileType = sourcecode.c.h; path = AppDelegate.h; sourceTree = "<group>"; };
		6997F3B21D099DF70024BBF1 /* AppDelegate.m */ = {isa = PBXFileReference; lastKnownFileType = sourcecode.c.objc; path = AppDelegate.m; sourceTree = "<group>"; };
		6997F3B41D099DF70024BBF1 /* ViewController.h */ = {isa = PBXFileReference; lastKnownFileType = sourcecode.c.h; path = ViewController.h; sourceTree = "<group>"; };
		6997F3B51D099DF70024BBF1 /* ViewController.m */ = {isa = PBXFileReference; lastKnownFileType = sourcecode.c.objc; path = ViewController.m; sourceTree = "<group>"; };
		6997F3B81D099DF70024BBF1 /* Base */ = {isa = PBXFileReference; lastKnownFileType = file.storyboard; name = Base; path = Base.lproj/Main.storyboard; sourceTree = "<group>"; };
		6997F3BA1D099DF70024BBF1 /* Assets.xcassets */ = {isa = PBXFileReference; lastKnownFileType = folder.assetcatalog; path = Assets.xcassets; sourceTree = "<group>"; };
		6997F3BD1D099DF70024BBF1 /* Base */ = {isa = PBXFileReference; lastKnownFileType = file.storyboard; name = Base; path = Base.lproj/LaunchScreen.storyboard; sourceTree = "<group>"; };
		6997F3BF1D099DF70024BBF1 /* Info.plist */ = {isa = PBXFileReference; lastKnownFileType = text.plist.xml; path = Info.plist; sourceTree = "<group>"; };
		6997F3C41D099DF70024BBF1 /* VideoCaptureDemoTests.xctest */ = {isa = PBXFileReference; explicitFileType = wrapper.cfbundle; includeInIndex = 0; path = VideoCaptureDemoTests.xctest; sourceTree = BUILT_PRODUCTS_DIR; };
		6997F3C81D099DF70024BBF1 /* VideoCaptureDemoTests.m */ = {isa = PBXFileReference; lastKnownFileType = sourcecode.c.objc; path = VideoCaptureDemoTests.m; sourceTree = "<group>"; };
		6997F3CA1D099DF70024BBF1 /* Info.plist */ = {isa = PBXFileReference; lastKnownFileType = text.plist.xml; path = Info.plist; sourceTree = "<group>"; };
		6997F3D31D09ACDD0024BBF1 /* MobileCoreServices.framework */ = {isa = PBXFileReference; lastKnownFileType = wrapper.framework; name = MobileCoreServices.framework; path = System/Library/Frameworks/MobileCoreServices.framework; sourceTree = SDKROOT; };
/* End PBXFileReference section */

/* Begin PBXFrameworksBuildPhase section */
		6997F3A81D099DF70024BBF1 /* Frameworks */ = {
			isa = PBXFrameworksBuildPhase;
			buildActionMask = 2147483647;
			files = (
				6997F3D41D09ACDD0024BBF1 /* MobileCoreServices.framework in Frameworks */,
			);
			runOnlyForDeploymentPostprocessing = 0;
		};
		6997F3C11D099DF70024BBF1 /* Frameworks */ = {
			isa = PBXFrameworksBuildPhase;
			buildActionMask = 2147483647;
			files = (
			);
			runOnlyForDeploymentPostprocessing = 0;
		};
/* End PBXFrameworksBuildPhase section */

/* Begin PBXGroup section */
		6997F3A21D099DF70024BBF1 = {
			isa = PBXGroup;
			children = (
				6997F3D31D09ACDD0024BBF1 /* MobileCoreServices.framework */,
				6997F3AD1D099DF70024BBF1 /* VideoCaptureDemo */,
				6997F3C71D099DF70024BBF1 /* VideoCaptureDemoTests */,
				6997F3AC1D099DF70024BBF1 /* Products */,
			);
			sourceTree = "<group>";
		};
		6997F3AC1D099DF70024BBF1 /* Products */ = {
			isa = PBXGroup;
			children = (
				6997F3AB1D099DF70024BBF1 /* VideoCaptureDemo.app */,
				6997F3C41D099DF70024BBF1 /* VideoCaptureDemoTests.xctest */,
			);
			name = Products;
			sourceTree = "<group>";
		};
		6997F3AD1D099DF70024BBF1 /* VideoCaptureDemo */ = {
			isa = PBXGroup;
			children = (
				6997F3B11D099DF70024BBF1 /* AppDelegate.h */,
				6997F3B21D099DF70024BBF1 /* AppDelegate.m */,
				6997F3B41D099DF70024BBF1 /* ViewController.h */,
				6997F3B51D099DF70024BBF1 /* ViewController.m */,
				6997F3B71D099DF70024BBF1 /* Main.storyboard */,
				6997F3BA1D099DF70024BBF1 /* Assets.xcassets */,
				6997F3BC1D099DF70024BBF1 /* LaunchScreen.storyboard */,
				6997F3BF1D099DF70024BBF1 /* Info.plist */,
				6997F3AE1D099DF70024BBF1 /* Supporting Files */,
			);
			path = VideoCaptureDemo;
			sourceTree = "<group>";
		};
		6997F3AE1D099DF70024BBF1 /* Supporting Files */ = {
			isa = PBXGroup;
			children = (
				6997F3AF1D099DF70024BBF1 /* main.m */,
			);
			name = "Supporting Files";
			sourceTree = "<group>";
		};
		6997F3C71D099DF70024BBF1 /* VideoCaptureDemoTests */ = {
			isa = PBXGroup;
			children = (
				6997F3C81D099DF70024BBF1 /* VideoCaptureDemoTests.m */,
				6997F3CA1D099DF70024BBF1 /* Info.plist */,
			);
			path = VideoCaptureDemoTests;
			sourceTree = "<group>";
		};
/* End PBXGroup section */

/* Begin PBXNativeTarget section */
		6997F3AA1D099DF70024BBF1 /* VideoCaptureDemo */ = {
			isa = PBXNativeTarget;
			buildConfigurationList = 6997F3CD1D099DF70024BBF1 /* Build configuration list for PBXNativeTarget "VideoCaptureDemo" */;
			buildPhases = (
				6997F3A71D099DF70024BBF1 /* Sources */,
				6997F3A81D099DF70024BBF1 /* Frameworks */,
				6997F3A91D099DF70024BBF1 /* Resources */,
			);
			buildRules = (
			);
			dependencies = (
			);
			name = VideoCaptureDemo;
			productName = VideoCaptureDemo;
			productReference = 6997F3AB1D099DF70024BBF1 /* VideoCaptureDemo.app */;
			productType = "com.apple.product-type.application";
		};
		6997F3C31D099DF70024BBF1 /* VideoCaptureDemoTests */ = {
			isa = PBXNativeTarget;
			buildConfigurationList = 6997F3D01D099DF70024BBF1 /* Build configuration list for PBXNativeTarget "VideoCaptureDemoTests" */;
			buildPhases = (
				6997F3C01D099DF70024BBF1 /* Sources */,
				6997F3C11D099DF70024BBF1 /* Frameworks */,
				6997F3C21D099DF70024BBF1 /* Resources */,
			);
			buildRules = (
			);
			dependencies = (
				6997F3C61D099DF70024BBF1 /* PBXTargetDependency */,
			);
			name = VideoCaptureDemoTests;
			productName = VideoCaptureDemoTests;
			productReference = 6997F3C41D099DF70024BBF1 /* VideoCaptureDemoTests.xctest */;
			productType = "com.apple.product-type.bundle.unit-test";
		};
/* End PBXNativeTarget section */

/* Begin PBXProject section */
		6997F3A31D099DF70024BBF1 /* Project object */ = {
			isa = PBXProject;
			attributes = {
				LastUpgradeCheck = 0730;
				ORGANIZATIONNAME = huangyibiao;
				TargetAttributes = {
					6997F3AA1D099DF70024BBF1 = {
						CreatedOnToolsVersion = 7.3.1;
					};
					6997F3C31D099DF70024BBF1 = {
						CreatedOnToolsVersion = 7.3.1;
						TestTargetID = 6997F3AA1D099DF70024BBF1;
					};
				};
			};
			buildConfigurationList = 6997F3A61D099DF70024BBF1 /* Build configuration list for PBXProject "VideoCaptureDemo" */;
			compatibilityVersion = "Xcode 3.2";
			developmentRegion = English;
			hasScannedForEncodings = 0;
			knownRegions = (
				en,
				Base,
			);
			mainGroup = 6997F3A21D099DF70024BBF1;
			productRefGroup = 6997F3AC1D099DF70024BBF1 /* Products */;
			projectDirPath = "";
			projectRoot = "";
			targets = (
				6997F3AA1D099DF70024BBF1 /* VideoCaptureDemo */,
				6997F3C31D099DF70024BBF1 /* VideoCaptureDemoTests */,
			);
		};
/* End PBXProject section */

/* Begin PBXResourcesBuildPhase section */
		6997F3A91D099DF70024BBF1 /* Resources */ = {
			isa = PBXResourcesBuildPhase;
			buildActionMask = 2147483647;
			files = (
				6997F3BE1D099DF70024BBF1 /* LaunchScreen.storyboard in Resources */,
				6997F3BB1D099DF70024BBF1 /* Assets.xcassets in Resources */,
				6997F3B91D099DF70024BBF1 /* Main.storyboard in Resources */,
			);
			runOnlyForDeploymentPostprocessing = 0;
		};
		6997F3C21D099DF70024BBF1 /* Resources */ = {
			isa = PBXResourcesBuildPhase;
			buildActionMask = 2147483647;
			files = (
			);
			runOnlyForDeploymentPostprocessing = 0;
		};
/* End PBXResourcesBuildPhase section */

/* Begin PBXSourcesBuildPhase section */
		6997F3A71D099DF70024BBF1 /* Sources */ = {
			isa = PBXSourcesBuildPhase;
			buildActionMask = 2147483647;
			files = (
				6997F3B61D099DF70024BBF1 /* ViewController.m in Sources */,
				6997F3B31D099DF70024BBF1 /* AppDelegate.m in Sources */,
				6997F3B01D099DF70024BBF1 /* main.m in Sources */,
			);
			runOnlyForDeploymentPostprocessing = 0;
		};
		6997F3C01D099DF70024BBF1 /* Sources */ = {
			isa = PBXSourcesBuildPhase;
			buildActionMask = 2147483647;
			files = (
				6997F3C91D099DF70024BBF1 /* VideoCaptureDemoTests.m in Sources */,
			);
			runOnlyForDeploymentPostprocessing = 0;
		};
/* End PBXSourcesBuildPhase section */

/* Begin PBXTargetDependency section */
		6997F3C61D099DF70024BBF1 /* PBXTargetDependency */ = {
			isa = PBXTargetDependency;
			target = 6997F3AA1D099DF70024BBF1 /* VideoCaptureDemo */;
			targetProxy = 6997F3C51D099DF70024BBF1 /* PBXContainerItemProxy */;
		};
/* End PBXTargetDependency section */

/* Begin PBXVariantGroup section */
		6997F3B71D099DF70024BBF1 /* Main.storyboard */ = {
			isa = PBXVariantGroup;
			children = (
				6997F3B81D099DF70024BBF1 /* Base */,
			);
			name = Main.storyboard;
			sourceTree = "<group>";
		};
		6997F3BC1D099DF70024BBF1 /* LaunchScreen.storyboard */ = {
			isa = PBXVariantGroup;
			children = (
				6997F3BD1D099DF70024BBF1 /* Base */,
			);
			name = LaunchScreen.storyboard;
			sourceTree = "<group>";
		};
/* End PBXVariantGroup section */

/* Begin XCBuildConfiguration section */
		6997F3CB1D099DF70024BBF1 /* Debug */ = {
			isa = XCBuildConfiguration;
			buildSettings = {
				ALWAYS_SEARCH_USER_PATHS = NO;
				CLANG_ANALYZER_NONNULL = YES;
				CLANG_CXX_LANGUAGE_STANDARD = "gnu++0x";
				CLANG_CXX_LIBRARY = "libc++";
				CLANG_ENABLE_MODULES = YES;
				CLANG_ENABLE_OBJC_ARC = YES;
				CLANG_WARN_BOOL_CONVERSION = YES;
				CLANG_WARN_CONSTANT_CONVERSION = YES;
				CLANG_WARN_DIRECT_OBJC_ISA_USAGE = YES_ERROR;
				CLANG_WARN_EMPTY_BODY = YES;
				CLANG_WARN_ENUM_CONVERSION = YES;
				CLANG_WARN_INT_CONVERSION = YES;
				CLANG_WARN_OBJC_ROOT_CLASS = YES_ERROR;
				CLANG_WARN_UNREACHABLE_CODE = YES;
				CLANG_WARN__DUPLICATE_METHOD_MATCH = YES;
				"CODE_SIGN_IDENTITY[sdk=iphoneos*]" = "iPhone Developer";
				COPY_PHASE_STRIP = NO;
				DEBUG_INFORMATION_FORMAT = dwarf;
				ENABLE_STRICT_OBJC_MSGSEND = YES;
				ENABLE_TESTABILITY = YES;
				GCC_C_LANGUAGE_STANDARD = gnu99;
				GCC_DYNAMIC_NO_PIC = NO;
				GCC_NO_COMMON_BLOCKS = YES;
				GCC_OPTIMIZATION_LEVEL = 0;
				GCC_PREPROCESSOR_DEFINITIONS = (
					"DEBUG=1",
					"$(inherited)",
				);
				GCC_WARN_64_TO_32_BIT_CONVERSION = YES;
				GCC_WARN_ABOUT_RETURN_TYPE = YES_ERROR;
				GCC_WARN_UNDECLARED_SELECTOR = YES;
				GCC_WARN_UNINITIALIZED_AUTOS = YES_AGGRESSIVE;
				GCC_WARN_UNUSED_FUNCTION = YES;
				GCC_WARN_UNUSED_VARIABLE = YES;
				IPHONEOS_DEPLOYMENT_TARGET = 9.3;
				MTL_ENABLE_DEBUG_INFO = YES;
				ONLY_ACTIVE_ARCH = YES;
				SDKROOT = iphoneos;
			};
			name = Debug;
		};
		6997F3CC1D099DF70024BBF1 /* Release */ = {
			isa = XCBuildConfiguration;
			buildSettings = {
				ALWAYS_SEARCH_USER_PATHS = NO;
				CLANG_ANALYZER_NONNULL = YES;
				CLANG_CXX_LANGUAGE_STANDARD = "gnu++0x";
				CLANG_CXX_LIBRARY = "libc++";
				CLANG_ENABLE_MODULES = YES;
				CLANG_ENABLE_OBJC_ARC = YES;
				CLANG_WARN_BOOL_CONVERSION = YES;
				CLANG_WARN_CONSTANT_CONVERSION = YES;
				CLANG_WARN_DIRECT_OBJC_ISA_USAGE = YES_ERROR;
				CLANG_WARN_EMPTY_BODY = YES;
				CLANG_WARN_ENUM_CONVERSION = YES;
				CLANG_WARN_INT_CONVERSION = YES;
				CLANG_WARN_OBJC_ROOT_CLASS = YES_ERROR;
				CLANG_WARN_UNREACHABLE_CODE = YES;
				CLANG_WARN__DUPLICATE_METHOD_MATCH = YES;
				"CODE_SIGN_IDENTITY[sdk=iphoneos*]" = "iPhone Developer";
				COPY_PHASE_STRIP = NO;
				DEBUG_INFORMATION_FORMAT = "dwarf-with-dsym";
				ENABLE_NS_ASSERTIONS = NO;
				ENABLE_STRICT_OBJC_MSGSEND = YES;
				GCC_C_LANGUAGE_STANDARD = gnu99;
				GCC_NO_COMMON_BLOCKS = YES;
				GCC_WARN_64_TO_32_BIT_CONVERSION = YES;
				GCC_WARN_ABOUT_RETURN_TYPE = YES_ERROR;
				GCC_WARN_UNDECLARED_SELECTOR = YES;
				GCC_WARN_UNINITIALIZED_AUTOS = YES_AGGRESSIVE;
				GCC_WARN_UNUSED_FUNCTION = YES;
				GCC_WARN_UNUSED_VARIABLE = YES;
				IPHONEOS_DEPLOYMENT_TARGET = 9.3;
				MTL_ENABLE_DEBUG_INFO = NO;
				SDKROOT = iphoneos;
				VALIDATE_PRODUCT = YES;
			};
			name = Release;
		};
		6997F3CE1D099DF70024BBF1 /* Debug */ = {
			isa = XCBuildConfiguration;
			buildSettings = {
				ASSETCATALOG_COMPILER_APPICON_NAME = AppIcon;
				INFOPLIST_FILE = VideoCaptureDemo/Info.plist;
				IPHONEOS_DEPLOYMENT_TARGET = 7.0;
				LD_RUNPATH_SEARCH_PATHS = "$(inherited) @executable_path/Frameworks";
				PRODUCT_BUNDLE_IDENTIFIER = com.huangyibiao.VideoCaptureDemo;
				PRODUCT_NAME = "$(TARGET_NAME)";
			};
			name = Debug;
		};
		6997F3CF1D099DF70024BBF1 /* Release */ = {
			isa = XCBuildConfiguration;
			buildSettings = {
				ASSETCATALOG_COMPILER_APPICON_NAME = AppIcon;
				INFOPLIST_FILE = VideoCaptureDemo/Info.plist;
				IPHONEOS_DEPLOYMENT_TARGET = 7.0;
				LD_RUNPATH_SEARCH_PATHS = "$(inherited) @executable_path/Frameworks";
				PRODUCT_BUNDLE_IDENTIFIER = com.huangyibiao.VideoCaptureDemo;
				PRODUCT_NAME = "$(TARGET_NAME)";
			};
			name = Release;
		};
		6997F3D11D099DF70024BBF1 /* Debug */ = {
			isa = XCBuildConfiguration;
			buildSettings = {
				BUNDLE_LOADER = "$(TEST_HOST)";
				INFOPLIST_FILE = VideoCaptureDemoTests/Info.plist;
				LD_RUNPATH_SEARCH_PATHS = "$(inherited) @executable_path/Frameworks @loader_path/Frameworks";
				PRODUCT_BUNDLE_IDENTIFIER = com.huangyibiao.VideoCaptureDemoTests;
				PRODUCT_NAME = "$(TARGET_NAME)";
				TEST_HOST = "$(BUILT_PRODUCTS_DIR)/VideoCaptureDemo.app/VideoCaptureDemo";
			};
			name = Debug;
		};
		6997F3D21D099DF70024BBF1 /* Release */ = {
			isa = XCBuildConfiguration;
			buildSettings = {
				BUNDLE_LOADER = "$(TEST_HOST)";
				INFOPLIST_FILE = VideoCaptureDemoTests/Info.plist;
				LD_RUNPATH_SEARCH_PATHS = "$(inherited) @executable_path/Frameworks @loader_path/Frameworks";
				PRODUCT_BUNDLE_IDENTIFIER = com.huangyibiao.VideoCaptureDemoTests;
				PRODUCT_NAME = "$(TARGET_NAME)";
				TEST_HOST = "$(BUILT_PRODUCTS_DIR)/VideoCaptureDemo.app/VideoCaptureDemo";
			};
			name = Release;
		};
/* End XCBuildConfiguration section */

/* Begin XCConfigurationList section */
		6997F3A61D099DF70024BBF1 /* Build configuration list for PBXProject "VideoCaptureDemo" */ = {
			isa = XCConfigurationList;
			buildConfigurations = (
				6997F3CB1D099DF70024BBF1 /* Debug */,
				6997F3CC1D099DF70024BBF1 /* Release */,
			);
			defaultConfigurationIsVisible = 0;
			defaultConfigurationName = Release;
		};
		6997F3CD1D099DF70024BBF1 /* Build configuration list for PBXNativeTarget "VideoCaptureDemo" */ = {
			isa = XCConfigurationList;
			buildConfigurations = (
				6997F3CE1D099DF70024BBF1 /* Debug */,
				6997F3CF1D099DF70024BBF1 /* Release */,
			);
			defaultConfigurationIsVisible = 0;
		};
		6997F3D01D099DF70024BBF1 /* Build configuration list for PBXNativeTarget "VideoCaptureDemoTests" */ = {
			isa = XCConfigurationList;
			buildConfigurations = (
				6997F3D11D099DF70024BBF1 /* Debug */,
				6997F3D21D099DF70024BBF1 /* Release */,
			);
			defaultConfigurationIsVisible = 0;
		};
/* End XCConfigurationList section */
	};
	rootObject = 6997F3A31D099DF70024BBF1 /* Project object */;
}
